Microsoft Visual Studio Solution File, Format Version 12.00
# Visual Studio Version 17
VisualStudioVersion = 17.5.2.0
MinimumVisualStudioVersion = 10.0.40219.1
Project("{2150E333-8FDC-42A3-9474-1A3956D46DE8}") = "MovieInfoBackend", "MovieInfoBackend", "{722CAB2A-6268-9B1A-B6CE-81532800EC7A}"
EndProject
Project("{FAE04EC0-301F-11D3-BF4B-00C04F79EFBC}") = "TestMovieInfoBackend", "MovieInfoBackend\TestMovieInfoBackend\TestMovieInfoBackend.csproj", "{CD494E1E-BA55-7961-E778-72CD82288B68}"
EndProject
Project("{FAE04EC0-301F-11D3-BF4B-00C04F79EFBC}") = "MovieInfoBackend", "MovieInfoBackend\MovieInfoBackend\MovieInfoBackend.csproj", "{A431D648-D2E4-E856-F174-B03FA734C71F}"
EndProject
Global
	GlobalSection(SolutionConfigurationPlatforms) = preSolution
		Debug|Any CPU = Debug|Any CPU
		Release|Any CPU = Release|Any CPU
	EndGlobalSection
	GlobalSection(ProjectConfigurationPlatforms) = postSolution
		{CD494E1E-BA55-7961-E778-72CD82288B68}.Debug|Any CPU.ActiveCfg = Debug|Any CPU
		{CD494E1E-BA55-7961-E778-72CD82288B68}.Debug|Any CPU.Build.0 = Debug|Any CPU
		{CD494E1E-BA55-7961-E778-72CD82288B68}.Release|Any CPU.ActiveCfg = Release|Any CPU
		{CD494E1E-BA55-7961-E778-72CD82288B68}.Release|Any CPU.Build.0 = Release|Any CPU
		{A431D648-D2E4-E856-F174-B03FA734C71F}.Debug|Any CPU.ActiveCfg = Debug|Any CPU
		{A431D648-D2E4-E856-F174-B03FA734C71F}.Debug|Any CPU.Build.0 = Debug|Any CPU
		{A431D648-D2E4-E856-F174-B03FA734C71F}.Release|Any CPU.ActiveCfg = Release|Any CPU
		{A431D648-D2E4-E856-F174-B03FA734C71F}.Release|Any CPU.Build.0 = Release|Any CPU
	EndGlobalSection
	GlobalSection(SolutionProperties) = preSolution
		HideSolutionNode = FALSE
	EndGlobalSection
	GlobalSection(NestedProjects) = preSolution
		{CD494E1E-BA55-7961-E778-72CD82288B68} = {722CAB2A-6268-9B1A-B6CE-81532800EC7A}
		{A431D648-D2E4-E856-F174-B03FA734C71F} = {722CAB2A-6268-9B1A-B6CE-81532800EC7A}
	EndGlobalSection
	GlobalSection(ExtensibilityGlobals) = postSolution
		SolutionGuid = {90997A96-4AD5-4434-80FA-2E303C2E9C8D}
	EndGlobalSection
EndGlobal
