
Microsoft Visual Studio Solution File, Format Version 12.00
Project("{FAE04EC0-301F-11D3-BF4B-00C04F79EFBC}") = "MovieInfoBackend", "MovieInfoBackend\MovieInfoBackend.csproj", "{D190C501-50CA-497D-A09C-3FA02EBF6DCA}"
EndProject
Global
	GlobalSection(SolutionConfigurationPlatforms) = preSolution
		Debug|Any CPU = Debug|Any CPU
		Release|Any CPU = Release|Any CPU
	EndGlobalSection
	GlobalSection(ProjectConfigurationPlatforms) = postSolution
		{D190C501-50CA-497D-A09C-3FA02EBF6DCA}.Debug|Any CPU.ActiveCfg = Debug|Any CPU
		{D190C501-50CA-497D-A09C-3FA02EBF6DCA}.Debug|Any CPU.Build.0 = Debug|Any CPU
		{D190C501-50CA-497D-A09C-3FA02EBF6DCA}.Release|Any CPU.ActiveCfg = Release|Any CPU
		{D190C501-50CA-497D-A09C-3FA02EBF6DCA}.Release|Any CPU.Build.0 = Release|Any CPU
	EndGlobalSection
EndGlobal
